
Microsoft Visual Studio Solution File, Format Version 12.00
# Visual Studio Version 17
VisualStudioVersion = 17.9.34622.214
MinimumVisualStudioVersion = 10.0.40219.1
Project("{9A19103F-16F7-4668-BE54-9A1E7A4F7556}") = "Obchod.Server", "Obchod.Server\Obchod.Server.csproj", "{8C388C04-9BA1-42F5-ABAA-63503EFBF41D}"
EndProject
Project("{54A90642-561A-4BB1-A94E-469ADEE60C69}") = "obchod.client", "obchod.client\obchod.client.esproj", "{116BC7D9-FFCF-4B7A-816C-CA2E8D042957}"
EndProject
Global
	GlobalSection(SolutionConfigurationPlatforms) = preSolution
		Debug|Any CPU = Debug|Any CPU
		Release|Any CPU = Release|Any CPU
	EndGlobalSection
	GlobalSection(ProjectConfigurationPlatforms) = postSolution
		{8C388C04-9BA1-42F5-ABAA-63503EFBF41D}.Debug|Any CPU.ActiveCfg = Debug|Any CPU
		{8C388C04-9BA1-42F5-ABAA-63503EFBF41D}.Debug|Any CPU.Build.0 = Debug|Any CPU
		{8C388C04-9BA1-42F5-ABAA-63503EFBF41D}.Release|Any CPU.ActiveCfg = Release|Any CPU
		{8C388C04-9BA1-42F5-ABAA-63503EFBF41D}.Release|Any CPU.Build.0 = Release|Any CPU
		{116BC7D9-FFCF-4B7A-816C-CA2E8D042957}.Debug|Any CPU.ActiveCfg = Debug|Any CPU
		{116BC7D9-FFCF-4B7A-816C-CA2E8D042957}.Debug|Any CPU.Build.0 = Debug|Any CPU
		{116BC7D9-FFCF-4B7A-816C-CA2E8D042957}.Debug|Any CPU.Deploy.0 = Debug|Any CPU
		{116BC7D9-FFCF-4B7A-816C-CA2E8D042957}.Release|Any CPU.ActiveCfg = Release|Any CPU
		{116BC7D9-FFCF-4B7A-816C-CA2E8D042957}.Release|Any CPU.Build.0 = Release|Any CPU
		{116BC7D9-FFCF-4B7A-816C-CA2E8D042957}.Release|Any CPU.Deploy.0 = Release|Any CPU
	EndGlobalSection
	GlobalSection(SolutionProperties) = preSolution
		HideSolutionNode = FALSE
	EndGlobalSection
	GlobalSection(ExtensibilityGlobals) = postSolution
		SolutionGuid = {F80677B3-08A5-445E-AD07-722291837991}
	EndGlobalSection
EndGlobal
